
Microsoft Visual Studio Solution File, Format Version 12.00
# Visual Studio Version 17
VisualStudioVersion = 17.6.33829.357
MinimumVisualStudioVersion = 10.0.40219.1
Project("{FAE04EC0-301F-11D3-BF4B-00C04F79EFBC}") = "onthi05", "onthi05\onthi05.csproj", "{7E4F7D08-F2F3-4EBC-BD20-D71EA3D33015}"
EndProject
Global
	GlobalSection(SolutionConfigurationPlatforms) = preSolution
		Debug|Any CPU = Debug|Any CPU
		Release|Any CPU = Release|Any CPU
	EndGlobalSection
	GlobalSection(ProjectConfigurationPlatforms) = postSolution
		{7E4F7D08-F2F3-4EBC-BD20-D71EA3D33015}.Debug|Any CPU.ActiveCfg = Debug|Any CPU
		{7E4F7D08-F2F3-4EBC-BD20-D71EA3D33015}.Debug|Any CPU.Build.0 = Debug|Any CPU
		{7E4F7D08-F2F3-4EBC-BD20-D71EA3D33015}.Release|Any CPU.ActiveCfg = Release|Any CPU
		{7E4F7D08-F2F3-4EBC-BD20-D71EA3D33015}.Release|Any CPU.Build.0 = Release|Any CPU
	EndGlobalSection
	GlobalSection(SolutionProperties) = preSolution
		HideSolutionNode = FALSE
	EndGlobalSection
	GlobalSection(ExtensibilityGlobals) = postSolution
		SolutionGuid = {1C7576B3-F9CA-4B10-BCCF-D33F32B49BC4}
	EndGlobalSection
EndGlobal
